
Microsoft Visual Studio Solution File, Format Version 12.00
# Visual Studio Version 17
VisualStudioVersion = 17.9.34902.65
MinimumVisualStudioVersion = 10.0.40219.1
Project("{9A19103F-16F7-4668-BE54-9A1E7A4F7556}") = "FftVisualizerApp", "FftVisualizer\FftVisualizerApp.csproj", "{D34460F8-475C-4C80-9555-3F56DEE01A0D}"
EndProject
Global
	GlobalSection(SolutionConfigurationPlatforms) = preSolution
		Debug|Any CPU = Debug|Any CPU
		Release|Any CPU = Release|Any CPU
	EndGlobalSection
	GlobalSection(ProjectConfigurationPlatforms) = postSolution
		{D34460F8-475C-4C80-9555-3F56DEE01A0D}.Debug|Any CPU.ActiveCfg = Debug|Any CPU
		{D34460F8-475C-4C80-9555-3F56DEE01A0D}.Debug|Any CPU.Build.0 = Debug|Any CPU
		{D34460F8-475C-4C80-9555-3F56DEE01A0D}.Release|Any CPU.ActiveCfg = Release|Any CPU
		{D34460F8-475C-4C80-9555-3F56DEE01A0D}.Release|Any CPU.Build.0 = Release|Any CPU
	EndGlobalSection
	GlobalSection(SolutionProperties) = preSolution
		HideSolutionNode = FALSE
	EndGlobalSection
	GlobalSection(ExtensibilityGlobals) = postSolution
		SolutionGuid = {1B1C0271-6CCE-4123-ACD4-13CDFF7AD3ED}
	EndGlobalSection
EndGlobal
